Microsoft Visual Studio Solution File, Format Version 12.00
# Visual Studio Version 17
VisualStudioVersion = 17.1.32421.90
MinimumVisualStudioVersion = 10.0.40219.1
Project("{9A19103F-16F7-4668-BE54-9A1E7A4F7556}") = "WebApi", "src\WebApi\WebApi.csproj", "{3E5E4D6B-BFF0-4AA2-B92B-4A188A5F7823}"
EndProject
Project("{9A19103F-16F7-4668-BE54-9A1E7A4F7556}") = "Domain", "src\Domain\Domain.csproj", "{4137CF54-3DA2-414E-A2F4-8A079CCE3A8A}"
EndProject
Project("{9A19103F-16F7-4668-BE54-9A1E7A4F7556}") = "Infrastructure", "src\Infrastructure\Infrastructure.csproj", "{02E68954-A814-4B2E-BC33-98CE518C9EEB}"
EndProject
Project("{9A19103F-16F7-4668-BE54-9A1E7A4F7556}") = "Application", "src\Application\Application.csproj", "{86D57C79-17C8-4069-A3C8-0BD5E15F0CB2}"
EndProject
Project("{2150E333-8FDC-42A3-9474-1A3956D46DE8}") = "tests", "tests", "{35848FA8-3367-47BD-8113-20941B185BF2}"
EndProject
Project("{9A19103F-16F7-4668-BE54-9A1E7A4F7556}") = "Infrastructure.Tests", "tests\Infrastructure.Tests\Infrastructure.Tests.csproj", "{8CDAF738-3283-4929-9895-D31B8A0301ED}"
EndProject
Project("{9A19103F-16F7-4668-BE54-9A1E7A4F7556}") = "GenerationRules", "tests\GenerationRules\GenerationRules.csproj", "{BE7C1DCF-83A8-4A9D-8D31-1C9AD2EBF52D}"
EndProject
Project("{2150E333-8FDC-42A3-9474-1A3956D46DE8}") = "src", "src", "{4F1E909B-1031-4252-8632-E5584EA39E12}"
EndProject
Global
	GlobalSection(SolutionConfigurationPlatforms) = preSolution
		Debug|Any CPU = Debug|Any CPU
		Release|Any CPU = Release|Any CPU
	EndGlobalSection
	GlobalSection(ProjectConfigurationPlatforms) = postSolution
		{3E5E4D6B-BFF0-4AA2-B92B-4A188A5F7823}.Debug|Any CPU.ActiveCfg = Debug|Any CPU
		{3E5E4D6B-BFF0-4AA2-B92B-4A188A5F7823}.Debug|Any CPU.Build.0 = Debug|Any CPU
		{3E5E4D6B-BFF0-4AA2-B92B-4A188A5F7823}.Release|Any CPU.ActiveCfg = Release|Any CPU
		{3E5E4D6B-BFF0-4AA2-B92B-4A188A5F7823}.Release|Any CPU.Build.0 = Release|Any CPU
		{4137CF54-3DA2-414E-A2F4-8A079CCE3A8A}.Debug|Any CPU.ActiveCfg = Debug|Any CPU
		{4137CF54-3DA2-414E-A2F4-8A079CCE3A8A}.Debug|Any CPU.Build.0 = Debug|Any CPU
		{4137CF54-3DA2-414E-A2F4-8A079CCE3A8A}.Release|Any CPU.ActiveCfg = Release|Any CPU
		{4137CF54-3DA2-414E-A2F4-8A079CCE3A8A}.Release|Any CPU.Build.0 = Release|Any CPU
		{02E68954-A814-4B2E-BC33-98CE518C9EEB}.Debug|Any CPU.ActiveCfg = Debug|Any CPU
		{02E68954-A814-4B2E-BC33-98CE518C9EEB}.Debug|Any CPU.Build.0 = Debug|Any CPU
		{02E68954-A814-4B2E-BC33-98CE518C9EEB}.Release|Any CPU.ActiveCfg = Release|Any CPU
		{02E68954-A814-4B2E-BC33-98CE518C9EEB}.Release|Any CPU.Build.0 = Release|Any CPU
		{86D57C79-17C8-4069-A3C8-0BD5E15F0CB2}.Debug|Any CPU.ActiveCfg = Debug|Any CPU
		{86D57C79-17C8-4069-A3C8-0BD5E15F0CB2}.Debug|Any CPU.Build.0 = Debug|Any CPU
		{86D57C79-17C8-4069-A3C8-0BD5E15F0CB2}.Release|Any CPU.ActiveCfg = Release|Any CPU
		{86D57C79-17C8-4069-A3C8-0BD5E15F0CB2}.Release|Any CPU.Build.0 = Release|Any CPU
		{8CDAF738-3283-4929-9895-D31B8A0301ED}.Debug|Any CPU.ActiveCfg = Debug|Any CPU
		{8CDAF738-3283-4929-9895-D31B8A0301ED}.Debug|Any CPU.Build.0 = Debug|Any CPU
		{8CDAF738-3283-4929-9895-D31B8A0301ED}.Release|Any CPU.ActiveCfg = Release|Any CPU
		{8CDAF738-3283-4929-9895-D31B8A0301ED}.Release|Any CPU.Build.0 = Release|Any CPU
		{BE7C1DCF-83A8-4A9D-8D31-1C9AD2EBF52D}.Debug|Any CPU.ActiveCfg = Debug|Any CPU
		{BE7C1DCF-83A8-4A9D-8D31-1C9AD2EBF52D}.Debug|Any CPU.Build.0 = Debug|Any CPU
		{BE7C1DCF-83A8-4A9D-8D31-1C9AD2EBF52D}.Release|Any CPU.ActiveCfg = Release|Any CPU
		{BE7C1DCF-83A8-4A9D-8D31-1C9AD2EBF52D}.Release|Any CPU.Build.0 = Release|Any CPU
	EndGlobalSection
	GlobalSection(SolutionProperties) = preSolution
		HideSolutionNode = FALSE
	EndGlobalSection
	GlobalSection(NestedProjects) = preSolution
		{3E5E4D6B-BFF0-4AA2-B92B-4A188A5F7823} = {4F1E909B-1031-4252-8632-E5584EA39E12}
		{4137CF54-3DA2-414E-A2F4-8A079CCE3A8A} = {4F1E909B-1031-4252-8632-E5584EA39E12}
		{02E68954-A814-4B2E-BC33-98CE518C9EEB} = {4F1E909B-1031-4252-8632-E5584EA39E12}
		{86D57C79-17C8-4069-A3C8-0BD5E15F0CB2} = {4F1E909B-1031-4252-8632-E5584EA39E12}
		{8CDAF738-3283-4929-9895-D31B8A0301ED} = {35848FA8-3367-47BD-8113-20941B185BF2}
		{BE7C1DCF-83A8-4A9D-8D31-1C9AD2EBF52D} = {35848FA8-3367-47BD-8113-20941B185BF2}
	EndGlobalSection
	GlobalSection(ExtensibilityGlobals) = postSolution
		SolutionGuid = {9CD5FC2A-1A2A-4458-858A-96CD837F2EFE}
	EndGlobalSection
EndGlobal
